
Microsoft Visual Studio Solution File, Format Version 12.00
# Visual Studio Version 17
VisualStudioVersion = 17.3.32811.315
MinimumVisualStudioVersion = 10.0.40219.1
Project("{9A19103F-16F7-4668-BE54-9A1E7A4F7556}") = "Entidades", "..\FernandezBarbero.Rodrigo.TP2\Entidades\Entidades.csproj", "{94CADF88-99C2-412C-BF48-7C6457D88CB9}"
EndProject
Project("{FAE04EC0-301F-11D3-BF4B-00C04F79EFBC}") = "UI", "..\FernandezBarbero.Rodrigo.TP2\UI\UI.csproj", "{78657C76-BDA4-4E0F-AE6C-F708CA8F8575}"
EndProject
Global
	GlobalSection(SolutionConfigurationPlatforms) = preSolution
		Debug|Any CPU = Debug|Any CPU
		Release|Any CPU = Release|Any CPU
	EndGlobalSection
	GlobalSection(ProjectConfigurationPlatforms) = postSolution
		{94CADF88-99C2-412C-BF48-7C6457D88CB9}.Debug|Any CPU.ActiveCfg = Debug|Any CPU
		{94CADF88-99C2-412C-BF48-7C6457D88CB9}.Debug|Any CPU.Build.0 = Debug|Any CPU
		{94CADF88-99C2-412C-BF48-7C6457D88CB9}.Release|Any CPU.ActiveCfg = Release|Any CPU
		{94CADF88-99C2-412C-BF48-7C6457D88CB9}.Release|Any CPU.Build.0 = Release|Any CPU
		{78657C76-BDA4-4E0F-AE6C-F708CA8F8575}.Debug|Any CPU.ActiveCfg = Debug|Any CPU
		{78657C76-BDA4-4E0F-AE6C-F708CA8F8575}.Debug|Any CPU.Build.0 = Debug|Any CPU
		{78657C76-BDA4-4E0F-AE6C-F708CA8F8575}.Release|Any CPU.ActiveCfg = Release|Any CPU
		{78657C76-BDA4-4E0F-AE6C-F708CA8F8575}.Release|Any CPU.Build.0 = Release|Any CPU
	EndGlobalSection
	GlobalSection(SolutionProperties) = preSolution
		HideSolutionNode = FALSE
	EndGlobalSection
	GlobalSection(ExtensibilityGlobals) = postSolution
		SolutionGuid = {31DF9138-1315-4E2E-A7C0-4D23104A960A}
	EndGlobalSection
EndGlobal
